{
  "version": 4,
  "terraform_version": "1.3.7",
  "serial": 39,
  "lineage": "1188c390-bbd4-e687-bfce-afdc6ac93fc3",
  "outputs": {},
  "resources": [
    {
      "module": "module.cluster",
      "mode": "managed",
      "type": "google_container_cluster",
      "name": "private-cluster",
      "provider": "provider[\"registry.terraform.io/hashicorp/google\"]",
      "instances": [
        {
          "schema_version": 1,
          "attributes": {
            "addons_config": [
              {
                "cloudrun_config": [],
                "config_connector_config": [],
                "dns_cache_config": [],
                "gce_persistent_disk_csi_driver_config": [
                  {
                    "enabled": true
                  }
                ],
                "gcp_filestore_csi_driver_config": [],
                "gke_backup_agent_config": [],
                "horizontal_pod_autoscaling": [],
                "http_load_balancing": [],
                "network_policy_config": [
                  {
                    "disabled": true
                  }
                ]
              }
            ],
            "authenticator_groups_config": [],
            "binary_authorization": [
              {
                "enabled": false,
                "evaluation_mode": ""
              }
            ],
            "cluster_autoscaling": [
              {
                "auto_provisioning_defaults": [],
                "enabled": false,
                "resource_limits": []
              }
            ],
            "cluster_ipv4_cidr": "10.116.0.0/14",
            "confidential_nodes": [],
            "cost_management_config": [],
            "database_encryption": [
              {
                "key_name": "",
                "state": "DECRYPTED"
              }
            ],
            "datapath_provider": "",
            "default_max_pods_per_node": 110,
            "default_snat_status": [
              {
                "disabled": false
              }
            ],
            "description": "",
            "dns_config": [],
            "enable_autopilot": false,
            "enable_binary_authorization": false,
            "enable_intranode_visibility": false,
            "enable_kubernetes_alpha": false,
            "enable_l4_ilb_subsetting": false,
            "enable_legacy_abac": false,
            "enable_shielded_nodes": true,
            "enable_tpu": false,
            "endpoint": "172.16.0.2",
            "gateway_api_config": [],
            "id": "projects/loayproject/locations/us-central1/clusters/private-clusterr",
            "initial_node_count": 1,
            "ip_allocation_policy": [
              {
                "cluster_ipv4_cidr_block": "10.116.0.0/14",
                "cluster_secondary_range_name": "gke-private-clusterr-pods-7e86c0db",
                "services_ipv4_cidr_block": "10.120.0.0/20",
                "services_secondary_range_name": "gke-private-clusterr-services-7e86c0db"
              }
            ],
            "label_fingerprint": "a9dc16a7",
            "location": "us-central1",
            "logging_config": [
              {
                "enable_components": [
                  "SYSTEM_COMPONENTS",
                  "WORKLOADS"
                ]
              }
            ],
            "logging_service": "logging.googleapis.com/kubernetes",
            "maintenance_policy": [],
            "master_auth": [
              {
                "client_certificate": "",
                "client_certificate_config": [
                  {
                    "issue_client_certificate": false
                  }
                ],
                "client_key": "",
                "cluster_ca_certificate": "LS0tLS1CRUdJTiBDRVJUSUZJQ0FURS0tLS0tCk1JSUVMVENDQXBXZ0F3SUJBZ0lSQU9UeXplSzl6OXlkTFI0NlpJRmhlc0V3RFFZSktvWklodmNOQVFFTEJRQXcKTHpFdE1Dc0dBMVVFQXhNa1lqUTJaV0ZoTmpndFl6YzNNeTAwWTJFeExXSXhOR010TjJFMk0ySmxNamMzTXpJMgpNQ0FYRFRJek1ESXdPVEEwTlRJek5Gb1lEekl3TlRNd01qQXhNRFUxTWpNMFdqQXZNUzB3S3dZRFZRUURFeVJpCk5EWmxZV0UyT0Mxak56Y3pMVFJqWVRFdFlqRTBZeTAzWVRZelltVXlOemN6TWpZd2dnR2lNQTBHQ1NxR1NJYjMKRFFFQkFRVUFBNElCandBd2dnR0tBb0lCZ1FDa1VuWjVPcmlyaEZpRVZod0NTejAxczlPWU4vcjFTNHNuanhtdQpmb0g3dVNOaE9rN3Rpb1VDWXk4OHNIc21wSi9BMHE5L3ZQbXdiTitiaFU2bFE2RkhBQ0Y5aHZjaGJjUGcyQUhJCjlwTmxhQm9taktQWTR0OTlYNEptTmtrTHRydWhoWTZ4cS84WGFxMk5kTDJwclVYMFZGeUk2SjhLa1c5SE9rYWMKZTJEdlRnK3Q1QnlOWlVKRkZPY0FxUWVEazhFaWVxNjF0aTZRREMreDZIS0FuSTMvWWFmSkZsVno2WlBQMlV3eApEWmY0T1JGckNQUllreDEwb3FRQTlkMWc5YVUxeEhrV3l4bENOell4SUJlSVNlZ2EwNE5jNlJkZGx6RmY3R0xNCldHalQvaGxmOG5yL2lubGJZSEZ2VTU2OWUrZy91TlhMVlNnanF0a3c2VUR1d2FqVjQ2TVJuSGtVbytRTDU3R3EKYVlNMWJIK3pLeEl1WTNEUksxSlZSR3lRZG9taFhKZm0vTTRwTFEvU3JJUHFvdmR1UXg5eVZ4YmJyM1ZGRUhlbgpQR3htSVp3VTRjRWFTZFFnVzV4NHhkemVHeU9VaDUwb3ovZ0tJcUlxRWo4TE9DUjZPdzRBbG1hRFFNUmZsaExtCitEUG5qNkZmMUtrLzBqdHdrak5SYTJhVHlNVUNBd0VBQWFOQ01FQXdEZ1lEVlIwUEFRSC9CQVFEQWdJRU1BOEcKQTFVZEV3RUIvd1FGTUFNQkFmOHdIUVlEVlIwT0JCWUVGSUZ4bjc2Y0pubzIvNG0ra2RodUNVakVZVXJxTUEwRwpDU3FHU0liM0RRRUJDd1VBQTRJQmdRQ1I4SzVQVFhRVGhnbTdnRk5nZ1JBcHlTdlR3MklwZjdsVkRscWxyTzhuClBTbWNGcFF6dUgrUG5wL0pUUWEwcHpMRTgxZ2ZMR3piVjZpUGFoblFLcWhZbEpVMDRRZ1RGZ3UrUUtlTlYwUS8KcDhteFlNUkJpQW9ZcUtIa2Z1V2Zyb2o2QXQxanR5Rlk3SlBzekdnUWt0QXlreHNHaHVORjY2bkx3NnpXRWd3ZQpjTkN2U21VWDhDTUs2c2F4cG8rRkpGWUt3aExjVmk1dDJzRElZUVZEdjBmWUxDZHJKNmhxeDBlTmVlSkVkYVA0CjNtS2hiS21lbXBRamtMN1ZmT1AxSUtoZWpteEFzelA2Ui9oc05ZT3NkUmRmZlF4Z2thUFNhVkllSWg2MS91M1YKa1c2OGllYVBwd1ZOOGZzRFhFWTRSTEVlSkF5K2R4NlJoTVZtRkpDUE50VFd0YXAvMmpKc041dDBtR2FSTVhjegpVdjIvTzhuMWpvNit4aGdsdy9XNUNlOWMxYUcyblBManRjT2lrNTNMQVdOKzNoY0JKZlIzUjRyYlpHRittWCtkClFacmZGZ3dDS3NzOUQ1SnBSR21PQTFMMm9JNG52ODc5NXVUVVpkb0lrZDZxSDdvSWF1S1ovU2hESDc2N2J0dVkKVkZoOTU4WXR3YWRIeWNCUHFVTkxaRDg9Ci0tLS0tRU5EIENFUlRJRklDQVRFLS0tLS0K"
              }
            ],
            "master_authorized_networks_config": [
              {
                "cidr_blocks": [
                  {
                    "cidr_block": "10.0.1.0/24",
                    "display_name": ""
                  }
                ],
                "gcp_public_cidrs_access_enabled": false
              }
            ],
            "master_version": "1.24.8-gke.2000",
            "mesh_certificates": [],
            "min_master_version": null,
            "monitoring_config": [
              {
                "enable_components": [
                  "SYSTEM_COMPONENTS"
                ],
                "managed_prometheus": []
              }
            ],
            "monitoring_service": "monitoring.googleapis.com/kubernetes",
            "name": "private-clusterr",
            "network": "projects/loayproject/global/networks/tfvpc",
            "network_policy": [
              {
                "enabled": false,
                "provider": "PROVIDER_UNSPECIFIED"
              }
            ],
            "networking_mode": "VPC_NATIVE",
            "node_config": [
              {
                "boot_disk_kms_key": "",
                "disk_size_gb": 10,
                "disk_type": "pd-standard",
                "gcfs_config": [],
                "guest_accelerator": [],
                "gvnic": [],
                "image_type": "UBUNTU_CONTAINERD",
                "kubelet_config": [],
                "labels": {},
                "linux_node_config": [],
                "local_ssd_count": 0,
                "logging_variant": "DEFAULT",
                "machine_type": "e2-micro",
                "metadata": {
                  "disable-legacy-endpoints": "true"
                },
                "min_cpu_platform": "",
                "node_group": "",
                "oauth_scopes": [
                  "https://www.googleapis.com/auth/cloud-platform"
                ],
                "preemptible": true,
                "reservation_affinity": [],
                "resource_labels": {},
                "service_account": "gke-cluster-service@loayproject.iam.gserviceaccount.com",
                "shielded_instance_config": [
                  {
                    "enable_integrity_monitoring": true,
                    "enable_secure_boot": false
                  }
                ],
                "spot": false,
                "tags": [],
                "taint": [],
                "workload_metadata_config": []
              }
            ],
            "node_locations": [
              "us-central1-a",
              "us-central1-c",
              "us-central1-f"
            ],
            "node_pool": [
              {
                "autoscaling": [],
                "initial_node_count": 1,
                "instance_group_urls": [
                  "https://www.googleapis.com/compute/v1/projects/loayproject/zones/us-central1-f/instanceGroupManagers/gke-private-clusterr-pv-node-e4f3d808-grp",
                  "https://www.googleapis.com/compute/v1/projects/loayproject/zones/us-central1-c/instanceGroupManagers/gke-private-clusterr-pv-node-8f89c6dd-grp",
                  "https://www.googleapis.com/compute/v1/projects/loayproject/zones/us-central1-a/instanceGroupManagers/gke-private-clusterr-pv-node-c611978a-grp"
                ],
                "managed_instance_group_urls": [
                  "https://www.googleapis.com/compute/v1/projects/loayproject/zones/us-central1-f/instanceGroups/gke-private-clusterr-pv-node-e4f3d808-grp",
                  "https://www.googleapis.com/compute/v1/projects/loayproject/zones/us-central1-c/instanceGroups/gke-private-clusterr-pv-node-8f89c6dd-grp",
                  "https://www.googleapis.com/compute/v1/projects/loayproject/zones/us-central1-a/instanceGroups/gke-private-clusterr-pv-node-c611978a-grp"
                ],
                "management": [
                  {
                    "auto_repair": true,
                    "auto_upgrade": true
                  }
                ],
                "max_pods_per_node": 110,
                "name": "pv-node",
                "name_prefix": "",
                "network_config": [
                  {
                    "create_pod_range": false,
                    "enable_private_nodes": false,
                    "pod_ipv4_cidr_block": "10.116.0.0/14",
                    "pod_range": "gke-private-clusterr-pods-7e86c0db"
                  }
                ],
                "node_config": [
                  {
                    "boot_disk_kms_key": "",
                    "disk_size_gb": 10,
                    "disk_type": "pd-standard",
                    "gcfs_config": [],
                    "guest_accelerator": [],
                    "gvnic": [],
                    "image_type": "UBUNTU_CONTAINERD",
                    "kubelet_config": [],
                    "labels": {},
                    "linux_node_config": [],
                    "local_ssd_count": 0,
                    "logging_variant": "DEFAULT",
                    "machine_type": "e2-micro",
                    "metadata": {
                      "disable-legacy-endpoints": "true"
                    },
                    "min_cpu_platform": "",
                    "node_group": "",
                    "oauth_scopes": [
                      "https://www.googleapis.com/auth/cloud-platform"
                    ],
                    "preemptible": true,
                    "reservation_affinity": [],
                    "resource_labels": {},
                    "service_account": "gke-cluster-service@loayproject.iam.gserviceaccount.com",
                    "shielded_instance_config": [
                      {
                        "enable_integrity_monitoring": true,
                        "enable_secure_boot": false
                      }
                    ],
                    "spot": false,
                    "tags": [],
                    "taint": [],
                    "workload_metadata_config": []
                  }
                ],
                "node_count": 1,
                "node_locations": [
                  "us-central1-a",
                  "us-central1-c",
                  "us-central1-f"
                ],
                "placement_policy": [],
                "upgrade_settings": [
                  {
                    "blue_green_settings": [],
                    "max_surge": 1,
                    "max_unavailable": 0,
                    "strategy": "SURGE"
                  }
                ],
                "version": "1.24.8-gke.2000"
              }
            ],
            "node_pool_defaults": [
              {
                "node_config_defaults": [
                  {
                    "logging_variant": "DEFAULT"
                  }
                ]
              }
            ],
            "node_version": "1.24.8-gke.2000",
            "notification_config": [
              {
                "pubsub": [
                  {
                    "enabled": false,
                    "filter": [],
                    "topic": ""
                  }
                ]
              }
            ],
            "operation": null,
            "private_cluster_config": [
              {
                "enable_private_endpoint": true,
                "enable_private_nodes": true,
                "master_global_access_config": [
                  {
                    "enabled": false
                  }
                ],
                "master_ipv4_cidr_block": "172.16.0.0/28",
                "peering_name": "gke-n617f4b139d8af9f14f0-946b-d95f-peer",
                "private_endpoint": "172.16.0.2",
                "private_endpoint_subnetwork": "",
                "public_endpoint": "34.170.50.119"
              }
            ],
            "private_ipv6_google_access": "",
            "project": "loayproject",
            "release_channel": [
              {
                "channel": "REGULAR"
              }
            ],
            "remove_default_node_pool": true,
            "resource_labels": {},
            "resource_usage_export_config": [],
            "self_link": "https://container.googleapis.com/v1/projects/loayproject/locations/us-central1/clusters/private-clusterr",
            "service_external_ips_config": [
              {
                "enabled": false
              }
            ],
            "services_ipv4_cidr": "10.120.0.0/20",
            "subnetwork": "projects/loayproject/regions/us-central1/subnetworks/restrictedsubnet",
            "timeouts": null,
            "tpu_ipv4_cidr_block": "",
            "vertical_pod_autoscaling": [],
            "workload_identity_config": []
          },
          "sensitive_attributes": [],
          "private": "eyJlMmJmYjczMC1lY2FhLTExZTYtOGY4OC0zNDM2M2JjN2M0YzAiOnsiY3JlYXRlIjoyNDAwMDAwMDAwMDAwLCJkZWxldGUiOjI0MDAwMDAwMDAwMDAsInJlYWQiOjI0MDAwMDAwMDAwMDAsInVwZGF0ZSI6MzYwMDAwMDAwMDAwMH0sInNjaGVtYV92ZXJzaW9uIjoiMSJ9",
          "dependencies": [
            "module.myvpc.google_compute_network.vpc",
            "module.myvpc.google_compute_subnetwork.ressubnet"
          ]
        }
      ]
    },
    {
      "module": "module.cluster",
      "mode": "managed",
      "type": "google_container_node_pool",
      "name": "pv-node",
      "provider": "provider[\"registry.terraform.io/hashicorp/google\"]",
      "instances": [
        {
          "schema_version": 1,
          "attributes": {
            "autoscaling": [],
            "cluster": "private-clusterr",
            "id": "projects/loayproject/locations/us-central1/clusters/private-clusterr/nodePools/pv-node",
            "initial_node_count": 1,
            "instance_group_urls": [
              "https://www.googleapis.com/compute/v1/projects/loayproject/zones/us-central1-f/instanceGroupManagers/gke-private-clusterr-pv-node-e4f3d808-grp",
              "https://www.googleapis.com/compute/v1/projects/loayproject/zones/us-central1-c/instanceGroupManagers/gke-private-clusterr-pv-node-8f89c6dd-grp",
              "https://www.googleapis.com/compute/v1/projects/loayproject/zones/us-central1-a/instanceGroupManagers/gke-private-clusterr-pv-node-c611978a-grp"
            ],
            "location": "us-central1",
            "managed_instance_group_urls": [
              "https://www.googleapis.com/compute/v1/projects/loayproject/zones/us-central1-f/instanceGroups/gke-private-clusterr-pv-node-e4f3d808-grp",
              "https://www.googleapis.com/compute/v1/projects/loayproject/zones/us-central1-c/instanceGroups/gke-private-clusterr-pv-node-8f89c6dd-grp",
              "https://www.googleapis.com/compute/v1/projects/loayproject/zones/us-central1-a/instanceGroups/gke-private-clusterr-pv-node-c611978a-grp"
            ],
            "management": [
              {
                "auto_repair": true,
                "auto_upgrade": true
              }
            ],
            "max_pods_per_node": 110,
            "name": "pv-node",
            "name_prefix": "",
            "network_config": [
              {
                "create_pod_range": false,
                "enable_private_nodes": false,
                "pod_ipv4_cidr_block": "10.116.0.0/14",
                "pod_range": "gke-private-clusterr-pods-7e86c0db"
              }
            ],
            "node_config": [
              {
                "boot_disk_kms_key": "",
                "disk_size_gb": 10,
                "disk_type": "pd-standard",
                "gcfs_config": [],
                "guest_accelerator": [],
                "gvnic": [],
                "image_type": "UBUNTU_CONTAINERD",
                "kubelet_config": [],
                "labels": {},
                "linux_node_config": [],
                "local_ssd_count": 0,
                "logging_variant": "DEFAULT",
                "machine_type": "e2-micro",
                "metadata": {
                  "disable-legacy-endpoints": "true"
                },
                "min_cpu_platform": "",
                "node_group": "",
                "oauth_scopes": [
                  "https://www.googleapis.com/auth/cloud-platform"
                ],
                "preemptible": true,
                "reservation_affinity": [],
                "resource_labels": {},
                "service_account": "gke-cluster-service@loayproject.iam.gserviceaccount.com",
                "shielded_instance_config": [
                  {
                    "enable_integrity_monitoring": true,
                    "enable_secure_boot": false
                  }
                ],
                "spot": false,
                "tags": [],
                "taint": [],
                "workload_metadata_config": []
              }
            ],
            "node_count": 1,
            "node_locations": [
              "us-central1-a",
              "us-central1-c",
              "us-central1-f"
            ],
            "operation": null,
            "placement_policy": [],
            "project": "loayproject",
            "timeouts": null,
            "upgrade_settings": [
              {
                "blue_green_settings": [],
                "max_surge": 1,
                "max_unavailable": 0,
                "strategy": "SURGE"
              }
            ],
            "version": "1.24.8-gke.2000"
          },
          "sensitive_attributes": [],
          "private": "eyJlMmJmYjczMC1lY2FhLTExZTYtOGY4OC0zNDM2M2JjN2M0YzAiOnsiY3JlYXRlIjoxODAwMDAwMDAwMDAwLCJkZWxldGUiOjE4MDAwMDAwMDAwMDAsInVwZGF0ZSI6MTgwMDAwMDAwMDAwMH0sInNjaGVtYV92ZXJzaW9uIjoiMSJ9",
          "dependencies": [
            "module.cluster.google_container_cluster.private-cluster",
            "module.cluster.google_service_account.gke-cluster-service",
            "module.myvpc.google_compute_network.vpc",
            "module.myvpc.google_compute_subnetwork.ressubnet"
          ]
        }
      ]
    },
    {
      "module": "module.cluster",
      "mode": "managed",
      "type": "google_project_iam_member",
      "name": "bind",
      "provider": "provider[\"registry.terraform.io/hashicorp/google\"]",
      "instances": [
        {
          "schema_version": 0,
          "attributes": {
            "condition": [],
            "etag": "BwX0PeQbW10=",
            "id": "loayproject/roles/storage.objectViewer/serviceAccount:gke-cluster-service@loayproject.iam.gserviceaccount.com",
            "member": "serviceAccount:gke-cluster-service@loayproject.iam.gserviceaccount.com",
            "project": "loayproject",
            "role": "roles/storage.objectViewer"
          },
          "sensitive_attributes": [],
          "private": "bnVsbA==",
          "dependencies": [
            "module.cluster.google_service_account.gke-cluster-service"
          ]
        }
      ]
    },
    {
      "module": "module.cluster",
      "mode": "managed",
      "type": "google_service_account",
      "name": "gke-cluster-service",
      "provider": "provider[\"registry.terraform.io/hashicorp/google\"]",
      "instances": [
        {
          "schema_version": 0,
          "attributes": {
            "account_id": "gke-cluster-service",
            "description": "",
            "disabled": false,
            "display_name": "gke-cluster-service",
            "email": "gke-cluster-service@loayproject.iam.gserviceaccount.com",
            "id": "projects/loayproject/serviceAccounts/gke-cluster-service@loayproject.iam.gserviceaccount.com",
            "member": "serviceAccount:gke-cluster-service@loayproject.iam.gserviceaccount.com",
            "name": "projects/loayproject/serviceAccounts/gke-cluster-service@loayproject.iam.gserviceaccount.com",
            "project": "loayproject",
            "timeouts": null,
            "unique_id": "103478197558023595714"
          },
          "sensitive_attributes": [],
          "private": "eyJlMmJmYjczMC1lY2FhLTExZTYtOGY4OC0zNDM2M2JjN2M0YzAiOnsiY3JlYXRlIjozMDAwMDAwMDAwMDB9fQ=="
        }
      ]
    },
    {
      "module": "module.firewall",
      "mode": "managed",
      "type": "google_compute_firewall",
      "name": "default",
      "provider": "provider[\"registry.terraform.io/hashicorp/google\"]",
      "instances": [
        {
          "schema_version": 1,
          "attributes": {
            "allow": [
              {
                "ports": [
                  "22"
                ],
                "protocol": "tcp"
              }
            ],
            "creation_timestamp": "2023-02-08T21:45:46.364-08:00",
            "deny": [],
            "description": "",
            "destination_ranges": [],
            "direction": "INGRESS",
            "disabled": false,
            "enable_logging": null,
            "id": "projects/loayproject/global/firewalls/tf-firewall",
            "log_config": [],
            "name": "tf-firewall",
            "network": "https://www.googleapis.com/compute/v1/projects/loayproject/global/networks/tfvpc",
            "priority": 1000,
            "project": "loayproject",
            "self_link": "https://www.googleapis.com/compute/v1/projects/loayproject/global/firewalls/tf-firewall",
            "source_ranges": [
              "0.0.0.0/0"
            ],
            "source_service_accounts": [],
            "source_tags": [],
            "target_service_accounts": [],
            "target_tags": [],
            "timeouts": null
          },
          "sensitive_attributes": [],
          "private": "eyJlMmJmYjczMC1lY2FhLTExZTYtOGY4OC0zNDM2M2JjN2M0YzAiOnsiY3JlYXRlIjoxMjAwMDAwMDAwMDAwLCJkZWxldGUiOjEyMDAwMDAwMDAwMDAsInVwZGF0ZSI6MTIwMDAwMDAwMDAwMH0sInNjaGVtYV92ZXJzaW9uIjoiMSJ9",
          "dependencies": [
            "module.myvpc.google_compute_network.vpc"
          ]
        }
      ]
    },
    {
      "module": "module.myvpc",
      "mode": "managed",
      "type": "google_compute_network",
      "name": "vpc",
      "provider": "provider[\"registry.terraform.io/hashicorp/google\"]",
      "instances": [
        {
          "schema_version": 0,
          "attributes": {
            "auto_create_subnetworks": false,
            "delete_default_routes_on_create": false,
            "description": "",
            "enable_ula_internal_ipv6": false,
            "gateway_ipv4": "",
            "id": "projects/loayproject/global/networks/tfvpc",
            "internal_ipv6_range": "",
            "mtu": 0,
            "name": "tfvpc",
            "project": "loayproject",
            "routing_mode": "REGIONAL",
            "self_link": "https://www.googleapis.com/compute/v1/projects/loayproject/global/networks/tfvpc",
            "timeouts": null
          },
          "sensitive_attributes": [],
          "private": "eyJlMmJmYjczMC1lY2FhLTExZTYtOGY4OC0zNDM2M2JjN2M0YzAiOnsiY3JlYXRlIjoxMjAwMDAwMDAwMDAwLCJkZWxldGUiOjEyMDAwMDAwMDAwMDAsInVwZGF0ZSI6MTIwMDAwMDAwMDAwMH19"
        }
      ]
    },
    {
      "module": "module.myvpc",
      "mode": "managed",
      "type": "google_compute_subnetwork",
      "name": "mansubnet",
      "provider": "provider[\"registry.terraform.io/hashicorp/google\"]",
      "instances": [
        {
          "schema_version": 0,
          "attributes": {
            "creation_timestamp": "2023-02-08T21:45:49.732-08:00",
            "description": "",
            "external_ipv6_prefix": "",
            "fingerprint": null,
            "gateway_address": "10.0.0.1",
            "id": "projects/loayproject/regions/us-central1/subnetworks/managmentsubnet",
            "ip_cidr_range": "10.0.0.0/24",
            "ipv6_access_type": "",
            "ipv6_cidr_range": "",
            "log_config": [],
            "name": "managmentsubnet",
            "network": "https://www.googleapis.com/compute/v1/projects/loayproject/global/networks/tfvpc",
            "private_ip_google_access": true,
            "private_ipv6_google_access": "DISABLE_GOOGLE_ACCESS",
            "project": "loayproject",
            "purpose": "PRIVATE",
            "region": "us-central1",
            "role": "",
            "secondary_ip_range": [],
            "self_link": "https://www.googleapis.com/compute/v1/projects/loayproject/regions/us-central1/subnetworks/managmentsubnet",
            "stack_type": "IPV4_ONLY",
            "timeouts": null
          },
          "sensitive_attributes": [],
          "private": "eyJlMmJmYjczMC1lY2FhLTExZTYtOGY4OC0zNDM2M2JjN2M0YzAiOnsiY3JlYXRlIjoxMjAwMDAwMDAwMDAwLCJkZWxldGUiOjEyMDAwMDAwMDAwMDAsInVwZGF0ZSI6MTIwMDAwMDAwMDAwMH19",
          "dependencies": [
            "module.myvpc.google_compute_network.vpc"
          ]
        }
      ]
    },
    {
      "module": "module.myvpc",
      "mode": "managed",
      "type": "google_compute_subnetwork",
      "name": "ressubnet",
      "provider": "provider[\"registry.terraform.io/hashicorp/google\"]",
      "instances": [
        {
          "schema_version": 0,
          "attributes": {
            "creation_timestamp": "2023-02-08T21:45:48.716-08:00",
            "description": "",
            "external_ipv6_prefix": "",
            "fingerprint": null,
            "gateway_address": "10.0.1.1",
            "id": "projects/loayproject/regions/us-central1/subnetworks/restrictedsubnet",
            "ip_cidr_range": "10.0.1.0/24",
            "ipv6_access_type": "",
            "ipv6_cidr_range": "",
            "log_config": [],
            "name": "restrictedsubnet",
            "network": "https://www.googleapis.com/compute/v1/projects/loayproject/global/networks/tfvpc",
            "private_ip_google_access": true,
            "private_ipv6_google_access": "DISABLE_GOOGLE_ACCESS",
            "project": "loayproject",
            "purpose": "PRIVATE",
            "region": "us-central1",
            "role": "",
            "secondary_ip_range": [
              {
                "ip_cidr_range": "10.116.0.0/14",
                "range_name": "gke-private-clusterr-pods-7e86c0db"
              },
              {
                "ip_cidr_range": "10.120.0.0/20",
                "range_name": "gke-private-clusterr-services-7e86c0db"
              }
            ],
            "self_link": "https://www.googleapis.com/compute/v1/projects/loayproject/regions/us-central1/subnetworks/restrictedsubnet",
            "stack_type": "IPV4_ONLY",
            "timeouts": null
          },
          "sensitive_attributes": [],
          "private": "eyJlMmJmYjczMC1lY2FhLTExZTYtOGY4OC0zNDM2M2JjN2M0YzAiOnsiY3JlYXRlIjoxMjAwMDAwMDAwMDAwLCJkZWxldGUiOjEyMDAwMDAwMDAwMDAsInVwZGF0ZSI6MTIwMDAwMDAwMDAwMH19",
          "dependencies": [
            "module.myvpc.google_compute_network.vpc"
          ]
        }
      ]
    },
    {
      "module": "module.natgateway",
      "mode": "managed",
      "type": "google_compute_router",
      "name": "router",
      "provider": "provider[\"registry.terraform.io/hashicorp/google\"]",
      "instances": [
        {
          "schema_version": 0,
          "attributes": {
            "bgp": [],
            "creation_timestamp": "2023-02-08T22:17:46.426-08:00",
            "description": "",
            "encrypted_interconnect_router": false,
            "id": "projects/loayproject/regions/us-central1/routers/tf-nat",
            "name": "tf-nat",
            "network": "https://www.googleapis.com/compute/v1/projects/loayproject/global/networks/tfvpc",
            "project": "loayproject",
            "region": "us-central1",
            "self_link": "https://www.googleapis.com/compute/v1/projects/loayproject/regions/us-central1/routers/tf-nat",
            "timeouts": null
          },
          "sensitive_attributes": [],
          "private": "eyJlMmJmYjczMC1lY2FhLTExZTYtOGY4OC0zNDM2M2JjN2M0YzAiOnsiY3JlYXRlIjoxMjAwMDAwMDAwMDAwLCJkZWxldGUiOjEyMDAwMDAwMDAwMDAsInVwZGF0ZSI6MTIwMDAwMDAwMDAwMH19",
          "dependencies": [
            "module.myvpc.google_compute_network.vpc"
          ]
        }
      ]
    },
    {
      "module": "module.natgateway",
      "mode": "managed",
      "type": "google_compute_router_nat",
      "name": "nat",
      "provider": "provider[\"registry.terraform.io/hashicorp/google\"]",
      "instances": [
        {
          "schema_version": 0,
          "attributes": {
            "drain_nat_ips": null,
            "enable_dynamic_port_allocation": false,
            "enable_endpoint_independent_mapping": true,
            "icmp_idle_timeout_sec": 30,
            "id": "loayproject/us-central1/tf-nat/tf-nat",
            "log_config": [],
            "max_ports_per_vm": 0,
            "min_ports_per_vm": 0,
            "name": "tf-nat",
            "nat_ip_allocate_option": "AUTO_ONLY",
            "nat_ips": null,
            "project": "loayproject",
            "region": "us-central1",
            "router": "tf-nat",
            "rules": [],
            "source_subnetwork_ip_ranges_to_nat": "LIST_OF_SUBNETWORKS",
            "subnetwork": [
              {
                "name": "managmentsubnet",
                "secondary_ip_range_names": [],
                "source_ip_ranges_to_nat": [
                  "ALL_IP_RANGES"
                ]
              }
            ],
            "tcp_established_idle_timeout_sec": 1200,
            "tcp_time_wait_timeout_sec": 120,
            "tcp_transitory_idle_timeout_sec": 30,
            "timeouts": null,
            "udp_idle_timeout_sec": 30
          },
          "sensitive_attributes": [],
          "private": "eyJlMmJmYjczMC1lY2FhLTExZTYtOGY4OC0zNDM2M2JjN2M0YzAiOnsiY3JlYXRlIjoxMjAwMDAwMDAwMDAwLCJkZWxldGUiOjEyMDAwMDAwMDAwMDAsInVwZGF0ZSI6MTIwMDAwMDAwMDAwMH19",
          "dependencies": [
            "module.myvpc.google_compute_subnetwork.mansubnet",
            "module.natgateway.google_compute_router.router"
          ]
        }
      ]
    },
    {
      "module": "module.private-instance",
      "mode": "managed",
      "type": "google_compute_instance",
      "name": "private-instance",
      "provider": "provider[\"registry.terraform.io/hashicorp/google\"]",
      "instances": [
        {
          "schema_version": 6,
          "attributes": {
            "advanced_machine_features": [],
            "allow_stopping_for_update": null,
            "attached_disk": [],
            "boot_disk": [
              {
                "auto_delete": true,
                "device_name": "persistent-disk-0",
                "disk_encryption_key_raw": "",
                "disk_encryption_key_sha256": "",
                "initialize_params": [
                  {
                    "image": "https://www.googleapis.com/compute/v1/projects/ubuntu-os-cloud/global/images/ubuntu-2204-jammy-v20230114",
                    "labels": {},
                    "size": 10,
                    "type": "pd-standard"
                  }
                ],
                "kms_key_self_link": "",
                "mode": "READ_WRITE",
                "source": "https://www.googleapis.com/compute/v1/projects/loayproject/zones/us-central1-b/disks/tf-instance"
              }
            ],
            "can_ip_forward": false,
            "confidential_instance_config": [],
            "cpu_platform": "Intel Haswell",
            "current_status": "RUNNING",
            "deletion_protection": false,
            "description": "",
            "desired_status": null,
            "enable_display": false,
            "guest_accelerator": [],
            "hostname": "",
            "id": "projects/loayproject/zones/us-central1-b/instances/tf-instance",
            "instance_id": "3341619799393907531",
            "label_fingerprint": "42WmSpB8rSM=",
            "labels": {},
            "machine_type": "f1-micro",
            "metadata": {
              "enable-oslogin": "TRUE"
            },
            "metadata_fingerprint": "kz5HRAjEAzQ=",
            "metadata_startup_script": "sudo apt-get install  -y apt-transport-https ca-certificates gnupg\necho \"deb [signed-by=/usr/share/keyrings/cloud.google.gpg] https://packages.cloud.google.com/apt cloud-sdk main\" | sudo tee -a /etc/apt/sources.list.d/google-cloud-sdk.list\ncurl https://packages.cloud.google.com/apt/doc/apt-key.gpg | sudo apt-key --keyring /usr/share/keyrings/cloud.google.gpg add -\nsudo apt-get update \u0026\u0026 sudo apt-get install google-cloud -y\ncurl -LO \"https://dl.k8s.io/release/$(curl -L -s https://dl.k8s.io/release/stable.txt)/bin/linux/amd64/kubectl\"\ncurl -LO \"https://dl.k8s.io/$(curl -L -s https://dl.k8s.io/release/stable.txt)/bin/linux/amd64/kubectl.sha256\"\necho \"$(cat kubectl.sha256)  kubectl\" | sha256sum --check\nsudo install -o root -g root -m 0755 kubectl /usr/local/bin/kubectl\nchmod +x kubectl\nmkdir -p ~/.local/bin\nmv ./kubectl ~/.local/bin/kubectl\nkubectl version --client\nsudo apt-get install google-cloud-sdk-gke-gcloud-auth-plugin\n",
            "min_cpu_platform": "",
            "name": "tf-instance",
            "network_interface": [
              {
                "access_config": [],
                "alias_ip_range": [],
                "ipv6_access_config": [],
                "ipv6_access_type": "",
                "name": "nic0",
                "network": "https://www.googleapis.com/compute/v1/projects/loayproject/global/networks/tfvpc",
                "network_ip": "10.0.0.2",
                "nic_type": "",
                "queue_count": 0,
                "stack_type": "IPV4_ONLY",
                "subnetwork": "https://www.googleapis.com/compute/v1/projects/loayproject/regions/us-central1/subnetworks/managmentsubnet",
                "subnetwork_project": "loayproject"
              }
            ],
            "project": "loayproject",
            "reservation_affinity": [],
            "resource_policies": [],
            "scheduling": [
              {
                "automatic_restart": true,
                "instance_termination_action": "",
                "min_node_cpus": 0,
                "node_affinities": [],
                "on_host_maintenance": "MIGRATE",
                "preemptible": false,
                "provisioning_model": "STANDARD"
              }
            ],
            "scratch_disk": [],
            "self_link": "https://www.googleapis.com/compute/v1/projects/loayproject/zones/us-central1-b/instances/tf-instance",
            "service_account": [
              {
                "email": "serviceaccount@loayproject.iam.gserviceaccount.com",
                "scopes": [
                  "https://www.googleapis.com/auth/cloud-platform"
                ]
              }
            ],
            "shielded_instance_config": [
              {
                "enable_integrity_monitoring": true,
                "enable_secure_boot": false,
                "enable_vtpm": true
              }
            ],
            "tags": [],
            "tags_fingerprint": "42WmSpB8rSM=",
            "timeouts": null,
            "zone": "us-central1-b"
          },
          "sensitive_attributes": [],
          "private": "eyJlMmJmYjczMC1lY2FhLTExZTYtOGY4OC0zNDM2M2JjN2M0YzAiOnsiY3JlYXRlIjoxMjAwMDAwMDAwMDAwLCJkZWxldGUiOjEyMDAwMDAwMDAwMDAsInVwZGF0ZSI6MTIwMDAwMDAwMDAwMH0sInNjaGVtYV92ZXJzaW9uIjoiNiJ9",
          "dependencies": [
            "module.myvpc.google_compute_network.vpc",
            "module.myvpc.google_compute_subnetwork.mansubnet",
            "module.private-instance.google_service_account.tf-sa"
          ]
        }
      ]
    },
    {
      "module": "module.private-instance",
      "mode": "managed",
      "type": "google_project_iam_member",
      "name": "binding",
      "provider": "provider[\"registry.terraform.io/hashicorp/google\"]",
      "instances": [
        {
          "schema_version": 0,
          "attributes": {
            "condition": [],
            "etag": "BwX0PeQbW10=",
            "id": "loayproject/roles/container.admin/serviceAccount:serviceaccount@loayproject.iam.gserviceaccount.com",
            "member": "serviceAccount:serviceaccount@loayproject.iam.gserviceaccount.com",
            "project": "loayproject",
            "role": "roles/container.admin"
          },
          "sensitive_attributes": [],
          "private": "bnVsbA==",
          "dependencies": [
            "module.private-instance.google_service_account.tf-sa"
          ]
        }
      ]
    },
    {
      "module": "module.private-instance",
      "mode": "managed",
      "type": "google_service_account",
      "name": "tf-sa",
      "provider": "provider[\"registry.terraform.io/hashicorp/google\"]",
      "instances": [
        {
          "schema_version": 0,
          "attributes": {
            "account_id": "serviceaccount",
            "description": "",
            "disabled": false,
            "display_name": "",
            "email": "serviceaccount@loayproject.iam.gserviceaccount.com",
            "id": "projects/loayproject/serviceAccounts/serviceaccount@loayproject.iam.gserviceaccount.com",
            "member": "serviceAccount:serviceaccount@loayproject.iam.gserviceaccount.com",
            "name": "projects/loayproject/serviceAccounts/serviceaccount@loayproject.iam.gserviceaccount.com",
            "project": "loayproject",
            "timeouts": null,
            "unique_id": "105737869535268120630"
          },
          "sensitive_attributes": [],
          "private": "eyJlMmJmYjczMC1lY2FhLTExZTYtOGY4OC0zNDM2M2JjN2M0YzAiOnsiY3JlYXRlIjozMDAwMDAwMDAwMDB9fQ=="
        }
      ]
    }
  ],
  "check_results": null
}
